
Microsoft Visual Studio Solution File, Format Version 12.00
# Visual Studio Version 17
VisualStudioVersion = 17.4.33205.214
MinimumVisualStudioVersion = 10.0.40219.1
Project("{FAE04EC0-301F-11D3-BF4B-00C04F79EFBC}") = "SchoolManagement", "SchoolManagement.csproj", "{30EB1BA4-612C-4D5D-B09A-CCF6AEA56086}"
EndProject
Global
	GlobalSection(SolutionConfigurationPlatforms) = preSolution
		Debug|Any CPU = Debug|Any CPU
		Release|Any CPU = Release|Any CPU
	EndGlobalSection
	GlobalSection(ProjectConfigurationPlatforms) = postSolution
		{30EB1BA4-612C-4D5D-B09A-CCF6AEA56086}.Debug|Any CPU.ActiveCfg = Debug|Any CPU
		{30EB1BA4-612C-4D5D-B09A-CCF6AEA56086}.Debug|Any CPU.Build.0 = Debug|Any CPU
		{30EB1BA4-612C-4D5D-B09A-CCF6AEA56086}.Release|Any CPU.ActiveCfg = Release|Any CPU
		{30EB1BA4-612C-4D5D-B09A-CCF6AEA56086}.Release|Any CPU.Build.0 = Release|Any CPU
	EndGlobalSection
	GlobalSection(SolutionProperties) = preSolution
		HideSolutionNode = FALSE
	EndGlobalSection
	GlobalSection(ExtensibilityGlobals) = postSolution
		SolutionGuid = {44E246CE-7329-44EE-903F-BC3DC40AA058}
	EndGlobalSection
EndGlobal
